
Microsoft Visual Studio Solution File, Format Version 12.00
# Visual Studio Version 17
VisualStudioVersion = 17.11.35327.3
MinimumVisualStudioVersion = 10.0.40219.1
Project("{FAE04EC0-301F-11D3-BF4B-00C04F79EFBC}") = "ex027_formatacao", "ex027_formatacao.csproj", "{93D3EB5D-607A-4D4A-8D29-555333495899}"
EndProject
Global
	GlobalSection(SolutionConfigurationPlatforms) = preSolution
		Debug|Any CPU = Debug|Any CPU
		Release|Any CPU = Release|Any CPU
	EndGlobalSection
	GlobalSection(ProjectConfigurationPlatforms) = postSolution
		{93D3EB5D-607A-4D4A-8D29-555333495899}.Debug|Any CPU.ActiveCfg = Debug|Any CPU
		{93D3EB5D-607A-4D4A-8D29-555333495899}.Debug|Any CPU.Build.0 = Debug|Any CPU
		{93D3EB5D-607A-4D4A-8D29-555333495899}.Release|Any CPU.ActiveCfg = Release|Any CPU
		{93D3EB5D-607A-4D4A-8D29-555333495899}.Release|Any CPU.Build.0 = Release|Any CPU
	EndGlobalSection
	GlobalSection(SolutionProperties) = preSolution
		HideSolutionNode = FALSE
	EndGlobalSection
	GlobalSection(ExtensibilityGlobals) = postSolution
		SolutionGuid = {25670777-D2C7-4BDA-9CDD-D9A7061A170F}
	EndGlobalSection
EndGlobal
