
Microsoft Visual Studio Solution File, Format Version 12.00
# Visual Studio Version 17
VisualStudioVersion = 17.11.35327.3
MinimumVisualStudioVersion = 10.0.40219.1
Project("{FAE04EC0-301F-11D3-BF4B-00C04F79EFBC}") = "ex32_fatorial", "ex32_fatorial.csproj", "{DB51FA24-F29B-4174-9907-D65320D0D99B}"
EndProject
Global
	GlobalSection(SolutionConfigurationPlatforms) = preSolution
		Debug|Any CPU = Debug|Any CPU
		Release|Any CPU = Release|Any CPU
	EndGlobalSection
	GlobalSection(ProjectConfigurationPlatforms) = postSolution
		{DB51FA24-F29B-4174-9907-D65320D0D99B}.Debug|Any CPU.ActiveCfg = Debug|Any CPU
		{DB51FA24-F29B-4174-9907-D65320D0D99B}.Debug|Any CPU.Build.0 = Debug|Any CPU
		{DB51FA24-F29B-4174-9907-D65320D0D99B}.Release|Any CPU.ActiveCfg = Release|Any CPU
		{DB51FA24-F29B-4174-9907-D65320D0D99B}.Release|Any CPU.Build.0 = Release|Any CPU
	EndGlobalSection
	GlobalSection(SolutionProperties) = preSolution
		HideSolutionNode = FALSE
	EndGlobalSection
	GlobalSection(ExtensibilityGlobals) = postSolution
		SolutionGuid = {F1BA475D-D151-473F-BC88-6E13E8C0DFD5}
	EndGlobalSection
EndGlobal
