
Microsoft Visual Studio Solution File, Format Version 12.00
# Visual Studio Version 17
VisualStudioVersion = 17.11.35327.3
MinimumVisualStudioVersion = 10.0.40219.1
Project("{FAE04EC0-301F-11D3-BF4B-00C04F79EFBC}") = "ex016", "ex016.csproj", "{21DF85A8-9623-4D70-89C6-B71975D5748B}"
EndProject
Global
	GlobalSection(SolutionConfigurationPlatforms) = preSolution
		Debug|Any CPU = Debug|Any CPU
		Release|Any CPU = Release|Any CPU
	EndGlobalSection
	GlobalSection(ProjectConfigurationPlatforms) = postSolution
		{21DF85A8-9623-4D70-89C6-B71975D5748B}.Debug|Any CPU.ActiveCfg = Debug|Any CPU
		{21DF85A8-9623-4D70-89C6-B71975D5748B}.Debug|Any CPU.Build.0 = Debug|Any CPU
		{21DF85A8-9623-4D70-89C6-B71975D5748B}.Release|Any CPU.ActiveCfg = Release|Any CPU
		{21DF85A8-9623-4D70-89C6-B71975D5748B}.Release|Any CPU.Build.0 = Release|Any CPU
	EndGlobalSection
	GlobalSection(SolutionProperties) = preSolution
		HideSolutionNode = FALSE
	EndGlobalSection
	GlobalSection(ExtensibilityGlobals) = postSolution
		SolutionGuid = {60430DCA-58B7-4BB6-80D6-CAA9ECC9AD2F}
	EndGlobalSection
EndGlobal
