
Microsoft Visual Studio Solution File, Format Version 12.00
# Visual Studio Version 17
VisualStudioVersion = 17.11.35327.3
MinimumVisualStudioVersion = 10.0.40219.1
Project("{FAE04EC0-301F-11D3-BF4B-00C04F79EFBC}") = "ex023", "ex023.csproj", "{6AFA559B-596D-42B6-A81F-DDB08A7F0119}"
EndProject
Global
	GlobalSection(SolutionConfigurationPlatforms) = preSolution
		Debug|Any CPU = Debug|Any CPU
		Release|Any CPU = Release|Any CPU
	EndGlobalSection
	GlobalSection(ProjectConfigurationPlatforms) = postSolution
		{6AFA559B-596D-42B6-A81F-DDB08A7F0119}.Debug|Any CPU.ActiveCfg = Debug|Any CPU
		{6AFA559B-596D-42B6-A81F-DDB08A7F0119}.Debug|Any CPU.Build.0 = Debug|Any CPU
		{6AFA559B-596D-42B6-A81F-DDB08A7F0119}.Release|Any CPU.ActiveCfg = Release|Any CPU
		{6AFA559B-596D-42B6-A81F-DDB08A7F0119}.Release|Any CPU.Build.0 = Release|Any CPU
	EndGlobalSection
	GlobalSection(SolutionProperties) = preSolution
		HideSolutionNode = FALSE
	EndGlobalSection
	GlobalSection(ExtensibilityGlobals) = postSolution
		SolutionGuid = {EE3AF753-4969-4204-8976-60372F6854E3}
	EndGlobalSection
EndGlobal
