
Microsoft Visual Studio Solution File, Format Version 12.00
# Visual Studio Version 17
VisualStudioVersion = 17.11.35327.3
MinimumVisualStudioVersion = 10.0.40219.1
Project("{FAE04EC0-301F-11D3-BF4B-00C04F79EFBC}") = "ex010", "ex010.csproj", "{48480A48-C70E-4793-954B-5D2490A080DD}"
EndProject
Global
	GlobalSection(SolutionConfigurationPlatforms) = preSolution
		Debug|Any CPU = Debug|Any CPU
		Release|Any CPU = Release|Any CPU
	EndGlobalSection
	GlobalSection(ProjectConfigurationPlatforms) = postSolution
		{48480A48-C70E-4793-954B-5D2490A080DD}.Debug|Any CPU.ActiveCfg = Debug|Any CPU
		{48480A48-C70E-4793-954B-5D2490A080DD}.Debug|Any CPU.Build.0 = Debug|Any CPU
		{48480A48-C70E-4793-954B-5D2490A080DD}.Release|Any CPU.ActiveCfg = Release|Any CPU
		{48480A48-C70E-4793-954B-5D2490A080DD}.Release|Any CPU.Build.0 = Release|Any CPU
	EndGlobalSection
	GlobalSection(SolutionProperties) = preSolution
		HideSolutionNode = FALSE
	EndGlobalSection
	GlobalSection(ExtensibilityGlobals) = postSolution
		SolutionGuid = {F5095ADC-AFAF-4D2A-B9B3-6EBCF1DBDF1D}
	EndGlobalSection
EndGlobal
