
Microsoft Visual Studio Solution File, Format Version 12.00
# Visual Studio Version 17
VisualStudioVersion = 17.11.35327.3
MinimumVisualStudioVersion = 10.0.40219.1
Project("{FAE04EC0-301F-11D3-BF4B-00C04F79EFBC}") = "ex33_contador", "ex33_contador.csproj", "{A00FB48E-CC48-4B94-8907-E873EB718DDE}"
EndProject
Global
	GlobalSection(SolutionConfigurationPlatforms) = preSolution
		Debug|Any CPU = Debug|Any CPU
		Release|Any CPU = Release|Any CPU
	EndGlobalSection
	GlobalSection(ProjectConfigurationPlatforms) = postSolution
		{A00FB48E-CC48-4B94-8907-E873EB718DDE}.Debug|Any CPU.ActiveCfg = Debug|Any CPU
		{A00FB48E-CC48-4B94-8907-E873EB718DDE}.Debug|Any CPU.Build.0 = Debug|Any CPU
		{A00FB48E-CC48-4B94-8907-E873EB718DDE}.Release|Any CPU.ActiveCfg = Release|Any CPU
		{A00FB48E-CC48-4B94-8907-E873EB718DDE}.Release|Any CPU.Build.0 = Release|Any CPU
	EndGlobalSection
	GlobalSection(SolutionProperties) = preSolution
		HideSolutionNode = FALSE
	EndGlobalSection
	GlobalSection(ExtensibilityGlobals) = postSolution
		SolutionGuid = {A35031D8-F164-4780-AD9E-DE614DF6EE69}
	EndGlobalSection
EndGlobal
