
Microsoft Visual Studio Solution File, Format Version 12.00
# Visual Studio Version 17
VisualStudioVersion = 17.11.35327.3
MinimumVisualStudioVersion = 10.0.40219.1
Project("{FAE04EC0-301F-11D3-BF4B-00C04F79EFBC}") = "ex021_vetoresdedatas", "ex021_vetoresdedatas.csproj", "{1F8FEFF5-A555-4DA6-A1FC-5BA256A8CABF}"
EndProject
Global
	GlobalSection(SolutionConfigurationPlatforms) = preSolution
		Debug|Any CPU = Debug|Any CPU
		Release|Any CPU = Release|Any CPU
	EndGlobalSection
	GlobalSection(ProjectConfigurationPlatforms) = postSolution
		{1F8FEFF5-A555-4DA6-A1FC-5BA256A8CABF}.Debug|Any CPU.ActiveCfg = Debug|Any CPU
		{1F8FEFF5-A555-4DA6-A1FC-5BA256A8CABF}.Debug|Any CPU.Build.0 = Debug|Any CPU
		{1F8FEFF5-A555-4DA6-A1FC-5BA256A8CABF}.Release|Any CPU.ActiveCfg = Release|Any CPU
		{1F8FEFF5-A555-4DA6-A1FC-5BA256A8CABF}.Release|Any CPU.Build.0 = Release|Any CPU
	EndGlobalSection
	GlobalSection(SolutionProperties) = preSolution
		HideSolutionNode = FALSE
	EndGlobalSection
	GlobalSection(ExtensibilityGlobals) = postSolution
		SolutionGuid = {F4F87F3B-E7A1-4F7D-9B0C-62AA45D8F152}
	EndGlobalSection
EndGlobal
