
Microsoft Visual Studio Solution File, Format Version 12.00
# Visual Studio Version 17
VisualStudioVersion = 17.11.35327.3
MinimumVisualStudioVersion = 10.0.40219.1
Project("{FAE04EC0-301F-11D3-BF4B-00C04F79EFBC}") = "ex007", "ex007.csproj", "{3190C82B-A7B2-4E16-A8B9-391AC943CF4D}"
EndProject
Global
	GlobalSection(SolutionConfigurationPlatforms) = preSolution
		Debug|Any CPU = Debug|Any CPU
		Release|Any CPU = Release|Any CPU
	EndGlobalSection
	GlobalSection(ProjectConfigurationPlatforms) = postSolution
		{3190C82B-A7B2-4E16-A8B9-391AC943CF4D}.Debug|Any CPU.ActiveCfg = Debug|Any CPU
		{3190C82B-A7B2-4E16-A8B9-391AC943CF4D}.Debug|Any CPU.Build.0 = Debug|Any CPU
		{3190C82B-A7B2-4E16-A8B9-391AC943CF4D}.Release|Any CPU.ActiveCfg = Release|Any CPU
		{3190C82B-A7B2-4E16-A8B9-391AC943CF4D}.Release|Any CPU.Build.0 = Release|Any CPU
	EndGlobalSection
	GlobalSection(SolutionProperties) = preSolution
		HideSolutionNode = FALSE
	EndGlobalSection
	GlobalSection(ExtensibilityGlobals) = postSolution
		SolutionGuid = {B5D3ECAA-B4D3-4F51-B9AB-AC469EA9D9A7}
	EndGlobalSection
EndGlobal
