
Microsoft Visual Studio Solution File, Format Version 12.00
# Visual Studio Version 17
VisualStudioVersion = 17.11.35327.3
MinimumVisualStudioVersion = 10.0.40219.1
Project("{FAE04EC0-301F-11D3-BF4B-00C04F79EFBC}") = "ex004", "ex004.csproj", "{F3B545C7-D256-4C07-AF74-B00D5549634E}"
EndProject
Global
	GlobalSection(SolutionConfigurationPlatforms) = preSolution
		Debug|Any CPU = Debug|Any CPU
		Release|Any CPU = Release|Any CPU
	EndGlobalSection
	GlobalSection(ProjectConfigurationPlatforms) = postSolution
		{F3B545C7-D256-4C07-AF74-B00D5549634E}.Debug|Any CPU.ActiveCfg = Debug|Any CPU
		{F3B545C7-D256-4C07-AF74-B00D5549634E}.Debug|Any CPU.Build.0 = Debug|Any CPU
		{F3B545C7-D256-4C07-AF74-B00D5549634E}.Release|Any CPU.ActiveCfg = Release|Any CPU
		{F3B545C7-D256-4C07-AF74-B00D5549634E}.Release|Any CPU.Build.0 = Release|Any CPU
	EndGlobalSection
	GlobalSection(SolutionProperties) = preSolution
		HideSolutionNode = FALSE
	EndGlobalSection
	GlobalSection(ExtensibilityGlobals) = postSolution
		SolutionGuid = {5635D0D8-25E7-4E73-82A2-B66BDB102547}
	EndGlobalSection
EndGlobal
