
Microsoft Visual Studio Solution File, Format Version 12.00
# Visual Studio Version 17
VisualStudioVersion = 17.11.35327.3
MinimumVisualStudioVersion = 10.0.40219.1
Project("{FAE04EC0-301F-11D3-BF4B-00C04F79EFBC}") = "ex008", "ex008.csproj", "{7B05B903-A5FE-4119-868F-573B1F1FE4CE}"
EndProject
Global
	GlobalSection(SolutionConfigurationPlatforms) = preSolution
		Debug|Any CPU = Debug|Any CPU
		Release|Any CPU = Release|Any CPU
	EndGlobalSection
	GlobalSection(ProjectConfigurationPlatforms) = postSolution
		{7B05B903-A5FE-4119-868F-573B1F1FE4CE}.Debug|Any CPU.ActiveCfg = Debug|Any CPU
		{7B05B903-A5FE-4119-868F-573B1F1FE4CE}.Debug|Any CPU.Build.0 = Debug|Any CPU
		{7B05B903-A5FE-4119-868F-573B1F1FE4CE}.Release|Any CPU.ActiveCfg = Release|Any CPU
		{7B05B903-A5FE-4119-868F-573B1F1FE4CE}.Release|Any CPU.Build.0 = Release|Any CPU
	EndGlobalSection
	GlobalSection(SolutionProperties) = preSolution
		HideSolutionNode = FALSE
	EndGlobalSection
	GlobalSection(ExtensibilityGlobals) = postSolution
		SolutionGuid = {630D07FF-02C7-4A5C-975B-8F27E8F791D0}
	EndGlobalSection
EndGlobal
